
Microsoft Visual Studio Solution File, Format Version 12.00
# Visual Studio Version 16
VisualStudioVersion = 25.0.1704.3
MinimumVisualStudioVersion = 10.0.40219.1
Project("{FAE04EC0-301F-11D3-BF4B-00C04F79EFBC}") = "hello", "hello\hello.csproj", "{752C9BD6-C00E-4B89-A8CB-F93889AC1763}"
EndProject
Project("{FAE04EC0-301F-11D3-BF4B-00C04F79EFBC}") = "OpgaverModul1", "OpgaverModul1\OpgaverModul1.csproj", "{5CF9E2E1-FA67-4B47-BC4B-F9200F05A003}"
EndProject
Global
	GlobalSection(SolutionConfigurationPlatforms) = preSolution
		Debug|Any CPU = Debug|Any CPU
		Release|Any CPU = Release|Any CPU
	EndGlobalSection
	GlobalSection(ProjectConfigurationPlatforms) = postSolution
		{752C9BD6-C00E-4B89-A8CB-F93889AC1763}.Debug|Any CPU.ActiveCfg = Debug|Any CPU
		{752C9BD6-C00E-4B89-A8CB-F93889AC1763}.Debug|Any CPU.Build.0 = Debug|Any CPU
		{752C9BD6-C00E-4B89-A8CB-F93889AC1763}.Release|Any CPU.ActiveCfg = Release|Any CPU
		{752C9BD6-C00E-4B89-A8CB-F93889AC1763}.Release|Any CPU.Build.0 = Release|Any CPU
		{5CF9E2E1-FA67-4B47-BC4B-F9200F05A003}.Debug|Any CPU.ActiveCfg = Debug|Any CPU
		{5CF9E2E1-FA67-4B47-BC4B-F9200F05A003}.Debug|Any CPU.Build.0 = Debug|Any CPU
		{5CF9E2E1-FA67-4B47-BC4B-F9200F05A003}.Release|Any CPU.ActiveCfg = Release|Any CPU
		{5CF9E2E1-FA67-4B47-BC4B-F9200F05A003}.Release|Any CPU.Build.0 = Release|Any CPU
	EndGlobalSection
	GlobalSection(SolutionProperties) = preSolution
		HideSolutionNode = FALSE
	EndGlobalSection
	GlobalSection(ExtensibilityGlobals) = postSolution
		SolutionGuid = {98AD4F86-76E0-4175-B294-ABE8BA22722C}
	EndGlobalSection
EndGlobal
